
Microsoft Visual Studio Solution File, Format Version 12.00
# Visual Studio 14
VisualStudioVersion = 14.0.25123.0
MinimumVisualStudioVersion = 10.0.40219.1
Project("{FAE04EC0-301F-11D3-BF4B-00C04F79EFBC}") = "WinFormPractice", "WinFormPractice\WinFormPractice.csproj", "{E5B0D820-3A0B-4B41-AAD9-AF0EB86434C0}"
EndProject
Project("{FAE04EC0-301F-11D3-BF4B-00C04F79EFBC}") = "FSMPractice", "FSMPractice\FSMPractice.csproj", "{D4E86379-F23F-49C4-8DE1-C6B1C9D8743D}"
EndProject
Project("{FAE04EC0-301F-11D3-BF4B-00C04F79EFBC}") = "FSMAssignment", "FSMAssignment\FSMAssignment.csproj", "{F1A7C4C1-8CBB-4C10-9A6A-5EAC0F847B4C}"
EndProject
Project("{FAE04EC0-301F-11D3-BF4B-00C04F79EFBC}") = "FSM", "FSM\FSM.csproj", "{EE25BA9C-2008-4EA7-9392-AFAC4809CA04}"
EndProject
Global
	GlobalSection(SolutionConfigurationPlatforms) = preSolution
		Debug|Any CPU = Debug|Any CPU
		Release|Any CPU = Release|Any CPU
	EndGlobalSection
	GlobalSection(ProjectConfigurationPlatforms) = postSolution
		{E5B0D820-3A0B-4B41-AAD9-AF0EB86434C0}.Debug|Any CPU.ActiveCfg = Debug|Any CPU
		{E5B0D820-3A0B-4B41-AAD9-AF0EB86434C0}.Debug|Any CPU.Build.0 = Debug|Any CPU
		{E5B0D820-3A0B-4B41-AAD9-AF0EB86434C0}.Release|Any CPU.ActiveCfg = Release|Any CPU
		{E5B0D820-3A0B-4B41-AAD9-AF0EB86434C0}.Release|Any CPU.Build.0 = Release|Any CPU
		{D4E86379-F23F-49C4-8DE1-C6B1C9D8743D}.Debug|Any CPU.ActiveCfg = Debug|Any CPU
		{D4E86379-F23F-49C4-8DE1-C6B1C9D8743D}.Debug|Any CPU.Build.0 = Debug|Any CPU
		{D4E86379-F23F-49C4-8DE1-C6B1C9D8743D}.Release|Any CPU.ActiveCfg = Release|Any CPU
		{D4E86379-F23F-49C4-8DE1-C6B1C9D8743D}.Release|Any CPU.Build.0 = Release|Any CPU
		{F1A7C4C1-8CBB-4C10-9A6A-5EAC0F847B4C}.Debug|Any CPU.ActiveCfg = Debug|Any CPU
		{F1A7C4C1-8CBB-4C10-9A6A-5EAC0F847B4C}.Debug|Any CPU.Build.0 = Debug|Any CPU
		{F1A7C4C1-8CBB-4C10-9A6A-5EAC0F847B4C}.Release|Any CPU.ActiveCfg = Release|Any CPU
		{F1A7C4C1-8CBB-4C10-9A6A-5EAC0F847B4C}.Release|Any CPU.Build.0 = Release|Any CPU
		{EE25BA9C-2008-4EA7-9392-AFAC4809CA04}.Debug|Any CPU.ActiveCfg = Debug|Any CPU
		{EE25BA9C-2008-4EA7-9392-AFAC4809CA04}.Debug|Any CPU.Build.0 = Debug|Any CPU
		{EE25BA9C-2008-4EA7-9392-AFAC4809CA04}.Release|Any CPU.ActiveCfg = Release|Any CPU
		{EE25BA9C-2008-4EA7-9392-AFAC4809CA04}.Release|Any CPU.Build.0 = Release|Any CPU
	EndGlobalSection
	GlobalSection(SolutionProperties) = preSolution
		HideSolutionNode = FALSE
	EndGlobalSection
EndGlobal
